
Microsoft Visual Studio Solution File, Format Version 12.00
# Visual Studio Version 17
VisualStudioVersion = 17.10.35027.167
MinimumVisualStudioVersion = 10.0.40219.1
Project("{2150E333-8FDC-42A3-9474-1A3956D46DE8}") = "src", "src", "{2AEC0E93-FA47-453D-8A57-F694A1C5C56E}"
EndProject
Project("{2150E333-8FDC-42A3-9474-1A3956D46DE8}") = "BuildingBlocks", "BuildingBlocks", "{25182C35-E467-4EF5-9B38-DABFC04F50A2}"
EndProject
Project("{2150E333-8FDC-42A3-9474-1A3956D46DE8}") = "Services", "Services", "{06F14253-27B8-410A-B35B-FCFAE37FA519}"
EndProject
Project("{2150E333-8FDC-42A3-9474-1A3956D46DE8}") = "Shared", "Shared", "{A3CA506C-EB30-4CB6-BFE1-F6EC02EAAF3B}"
EndProject
Project("{FAE04EC0-301F-11D3-BF4B-00C04F79EFBC}") = "MoviesRental.Core", "src\BuildingBlocks\Core\MoviesRental.Core.csproj", "{AF773116-DE9E-4303-AF84-6EAA369B3AC2}"
EndProject
Project("{2150E333-8FDC-42A3-9474-1A3956D46DE8}") = "Consumer", "Consumer", "{40FAB4BF-F648-462C-9390-3EACBD67CC08}"
EndProject
Project("{2150E333-8FDC-42A3-9474-1A3956D46DE8}") = "Publisher", "Publisher", "{E148D5B1-4CE8-4831-8D00-CB37397A1D06}"
EndProject
Project("{FAE04EC0-301F-11D3-BF4B-00C04F79EFBC}") = "MoviesRental.Consumer", "src\Services\Consumer\MoviesRental.Consumer\MoviesRental.Consumer.csproj", "{EE7AEB42-70FC-4CFE-B234-26DE842EACAD}"
EndProject
Project("{2150E333-8FDC-42A3-9474-1A3956D46DE8}") = "Domain", "Domain", "{D111D1A1-224A-4ED8-BA8E-D7026BEDFA8F}"
EndProject
Project("{2150E333-8FDC-42A3-9474-1A3956D46DE8}") = "Application", "Application", "{9C0688D6-0C95-496F-8278-EDAC3FA25F94}"
EndProject
Project("{2150E333-8FDC-42A3-9474-1A3956D46DE8}") = "Infraestructure", "Infraestructure", "{66720578-75A1-4CD9-8344-EC6067483818}"
EndProject
Project("{2150E333-8FDC-42A3-9474-1A3956D46DE8}") = "Presentation", "Presentation", "{B7050FE5-ECFB-490A-98C3-D8F66E4E2D96}"
EndProject
Project("{2150E333-8FDC-42A3-9474-1A3956D46DE8}") = "Queries", "Queries", "{02FCAF39-F9D9-4AEA-82BD-7EFC9CBB1BA6}"
EndProject
Project("{2150E333-8FDC-42A3-9474-1A3956D46DE8}") = "Domain", "Domain", "{9F238E73-871B-4E1E-AEFD-53DB45498941}"
EndProject
Project("{2150E333-8FDC-42A3-9474-1A3956D46DE8}") = "Application", "Application", "{436912AF-1921-4E9C-B9DC-A4B0E17C39B8}"
EndProject
Project("{2150E333-8FDC-42A3-9474-1A3956D46DE8}") = "Infraestructure", "Infraestructure", "{AB253A7C-7790-45D1-ACCB-C5AAB410C6F2}"
EndProject
Project("{FAE04EC0-301F-11D3-BF4B-00C04F79EFBC}") = "MoviesRental.Domain", "src\Services\Publisher\Domain\MoviesRental.Domain\MoviesRental.Domain.csproj", "{021AD953-B090-49AA-A7C9-9F7B5AF51349}"
EndProject
Project("{FAE04EC0-301F-11D3-BF4B-00C04F79EFBC}") = "MoviesRental.Application", "src\Services\Publisher\Application\MoviesRental.Application\MoviesRental.Application.csproj", "{C7FDE350-482D-4E80-A6C3-EDB86294713D}"
EndProject
Project("{FAE04EC0-301F-11D3-BF4B-00C04F79EFBC}") = "MoviesRental.Infraestructure", "src\Services\Publisher\Infraestructure\MoviesRental.Infraestructure\MoviesRental.Infraestructure.csproj", "{8CB39D1D-CA0C-48E9-9453-ACEEA74FC11C}"
EndProject
Project("{FAE04EC0-301F-11D3-BF4B-00C04F79EFBC}") = "MoviesRental.WebAPI", "src\Services\Publisher\Presentation\MoviesRental.WebAPI\MoviesRental.WebAPI.csproj", "{4380D437-C6C0-4EB2-A7A2-7D584319692F}"
EndProject
Project("{FAE04EC0-301F-11D3-BF4B-00C04F79EFBC}") = "MoviesRental.Query.Application", "src\Shared\Queries\Application\MoviesRental.Query.Application\MoviesRental.Query.Application.csproj", "{3579DAAE-D0B0-4C88-B6B3-F34A619EB223}"
EndProject
Project("{FAE04EC0-301F-11D3-BF4B-00C04F79EFBC}") = "MoviesRental.Query.Domain", "src\Shared\Queries\Domain\MoviesRental.Query.Domain\MoviesRental.Query.Domain.csproj", "{F5B3D1CB-B951-488A-B2E5-C1A61D653F3E}"
EndProject
Project("{FAE04EC0-301F-11D3-BF4B-00C04F79EFBC}") = "MoviesRental.Query.Infraestructure", "src\Shared\Queries\Infraestructure\MoviesRental.Query.Infraestructure\MoviesRental.Query.Infraestructure.csproj", "{687F2235-29DB-4953-B3E3-FD2595B1582E}"
EndProject
Global
	GlobalSection(SolutionConfigurationPlatforms) = preSolution
		Debug|Any CPU = Debug|Any CPU
		Release|Any CPU = Release|Any CPU
	EndGlobalSection
	GlobalSection(ProjectConfigurationPlatforms) = postSolution
		{AF773116-DE9E-4303-AF84-6EAA369B3AC2}.Debug|Any CPU.ActiveCfg = Debug|Any CPU
		{AF773116-DE9E-4303-AF84-6EAA369B3AC2}.Debug|Any CPU.Build.0 = Debug|Any CPU
		{AF773116-DE9E-4303-AF84-6EAA369B3AC2}.Release|Any CPU.ActiveCfg = Release|Any CPU
		{AF773116-DE9E-4303-AF84-6EAA369B3AC2}.Release|Any CPU.Build.0 = Release|Any CPU
		{EE7AEB42-70FC-4CFE-B234-26DE842EACAD}.Debug|Any CPU.ActiveCfg = Debug|Any CPU
		{EE7AEB42-70FC-4CFE-B234-26DE842EACAD}.Debug|Any CPU.Build.0 = Debug|Any CPU
		{EE7AEB42-70FC-4CFE-B234-26DE842EACAD}.Release|Any CPU.ActiveCfg = Release|Any CPU
		{EE7AEB42-70FC-4CFE-B234-26DE842EACAD}.Release|Any CPU.Build.0 = Release|Any CPU
		{021AD953-B090-49AA-A7C9-9F7B5AF51349}.Debug|Any CPU.ActiveCfg = Debug|Any CPU
		{021AD953-B090-49AA-A7C9-9F7B5AF51349}.Debug|Any CPU.Build.0 = Debug|Any CPU
		{021AD953-B090-49AA-A7C9-9F7B5AF51349}.Release|Any CPU.ActiveCfg = Release|Any CPU
		{021AD953-B090-49AA-A7C9-9F7B5AF51349}.Release|Any CPU.Build.0 = Release|Any CPU
		{C7FDE350-482D-4E80-A6C3-EDB86294713D}.Debug|Any CPU.ActiveCfg = Debug|Any CPU
		{C7FDE350-482D-4E80-A6C3-EDB86294713D}.Debug|Any CPU.Build.0 = Debug|Any CPU
		{C7FDE350-482D-4E80-A6C3-EDB86294713D}.Release|Any CPU.ActiveCfg = Release|Any CPU
		{C7FDE350-482D-4E80-A6C3-EDB86294713D}.Release|Any CPU.Build.0 = Release|Any CPU
		{8CB39D1D-CA0C-48E9-9453-ACEEA74FC11C}.Debug|Any CPU.ActiveCfg = Debug|Any CPU
		{8CB39D1D-CA0C-48E9-9453-ACEEA74FC11C}.Debug|Any CPU.Build.0 = Debug|Any CPU
		{8CB39D1D-CA0C-48E9-9453-ACEEA74FC11C}.Release|Any CPU.ActiveCfg = Release|Any CPU
		{8CB39D1D-CA0C-48E9-9453-ACEEA74FC11C}.Release|Any CPU.Build.0 = Release|Any CPU
		{4380D437-C6C0-4EB2-A7A2-7D584319692F}.Debug|Any CPU.ActiveCfg = Debug|Any CPU
		{4380D437-C6C0-4EB2-A7A2-7D584319692F}.Debug|Any CPU.Build.0 = Debug|Any CPU
		{4380D437-C6C0-4EB2-A7A2-7D584319692F}.Release|Any CPU.ActiveCfg = Release|Any CPU
		{4380D437-C6C0-4EB2-A7A2-7D584319692F}.Release|Any CPU.Build.0 = Release|Any CPU
		{3579DAAE-D0B0-4C88-B6B3-F34A619EB223}.Debug|Any CPU.ActiveCfg = Debug|Any CPU
		{3579DAAE-D0B0-4C88-B6B3-F34A619EB223}.Debug|Any CPU.Build.0 = Debug|Any CPU
		{3579DAAE-D0B0-4C88-B6B3-F34A619EB223}.Release|Any CPU.ActiveCfg = Release|Any CPU
		{3579DAAE-D0B0-4C88-B6B3-F34A619EB223}.Release|Any CPU.Build.0 = Release|Any CPU
		{F5B3D1CB-B951-488A-B2E5-C1A61D653F3E}.Debug|Any CPU.ActiveCfg = Debug|Any CPU
		{F5B3D1CB-B951-488A-B2E5-C1A61D653F3E}.Debug|Any CPU.Build.0 = Debug|Any CPU
		{F5B3D1CB-B951-488A-B2E5-C1A61D653F3E}.Release|Any CPU.ActiveCfg = Release|Any CPU
		{F5B3D1CB-B951-488A-B2E5-C1A61D653F3E}.Release|Any CPU.Build.0 = Release|Any CPU
		{687F2235-29DB-4953-B3E3-FD2595B1582E}.Debug|Any CPU.ActiveCfg = Debug|Any CPU
		{687F2235-29DB-4953-B3E3-FD2595B1582E}.Debug|Any CPU.Build.0 = Debug|Any CPU
		{687F2235-29DB-4953-B3E3-FD2595B1582E}.Release|Any CPU.ActiveCfg = Release|Any CPU
		{687F2235-29DB-4953-B3E3-FD2595B1582E}.Release|Any CPU.Build.0 = Release|Any CPU
	EndGlobalSection
	GlobalSection(SolutionProperties) = preSolution
		HideSolutionNode = FALSE
	EndGlobalSection
	GlobalSection(NestedProjects) = preSolution
		{25182C35-E467-4EF5-9B38-DABFC04F50A2} = {2AEC0E93-FA47-453D-8A57-F694A1C5C56E}
		{06F14253-27B8-410A-B35B-FCFAE37FA519} = {2AEC0E93-FA47-453D-8A57-F694A1C5C56E}
		{A3CA506C-EB30-4CB6-BFE1-F6EC02EAAF3B} = {2AEC0E93-FA47-453D-8A57-F694A1C5C56E}
		{AF773116-DE9E-4303-AF84-6EAA369B3AC2} = {25182C35-E467-4EF5-9B38-DABFC04F50A2}
		{40FAB4BF-F648-462C-9390-3EACBD67CC08} = {06F14253-27B8-410A-B35B-FCFAE37FA519}
		{E148D5B1-4CE8-4831-8D00-CB37397A1D06} = {06F14253-27B8-410A-B35B-FCFAE37FA519}
		{EE7AEB42-70FC-4CFE-B234-26DE842EACAD} = {40FAB4BF-F648-462C-9390-3EACBD67CC08}
		{D111D1A1-224A-4ED8-BA8E-D7026BEDFA8F} = {E148D5B1-4CE8-4831-8D00-CB37397A1D06}
		{9C0688D6-0C95-496F-8278-EDAC3FA25F94} = {E148D5B1-4CE8-4831-8D00-CB37397A1D06}
		{66720578-75A1-4CD9-8344-EC6067483818} = {E148D5B1-4CE8-4831-8D00-CB37397A1D06}
		{B7050FE5-ECFB-490A-98C3-D8F66E4E2D96} = {E148D5B1-4CE8-4831-8D00-CB37397A1D06}
		{02FCAF39-F9D9-4AEA-82BD-7EFC9CBB1BA6} = {A3CA506C-EB30-4CB6-BFE1-F6EC02EAAF3B}
		{9F238E73-871B-4E1E-AEFD-53DB45498941} = {02FCAF39-F9D9-4AEA-82BD-7EFC9CBB1BA6}
		{436912AF-1921-4E9C-B9DC-A4B0E17C39B8} = {02FCAF39-F9D9-4AEA-82BD-7EFC9CBB1BA6}
		{AB253A7C-7790-45D1-ACCB-C5AAB410C6F2} = {02FCAF39-F9D9-4AEA-82BD-7EFC9CBB1BA6}
		{021AD953-B090-49AA-A7C9-9F7B5AF51349} = {D111D1A1-224A-4ED8-BA8E-D7026BEDFA8F}
		{C7FDE350-482D-4E80-A6C3-EDB86294713D} = {9C0688D6-0C95-496F-8278-EDAC3FA25F94}
		{8CB39D1D-CA0C-48E9-9453-ACEEA74FC11C} = {66720578-75A1-4CD9-8344-EC6067483818}
		{4380D437-C6C0-4EB2-A7A2-7D584319692F} = {B7050FE5-ECFB-490A-98C3-D8F66E4E2D96}
		{3579DAAE-D0B0-4C88-B6B3-F34A619EB223} = {436912AF-1921-4E9C-B9DC-A4B0E17C39B8}
		{F5B3D1CB-B951-488A-B2E5-C1A61D653F3E} = {9F238E73-871B-4E1E-AEFD-53DB45498941}
		{687F2235-29DB-4953-B3E3-FD2595B1582E} = {AB253A7C-7790-45D1-ACCB-C5AAB410C6F2}
	EndGlobalSection
	GlobalSection(ExtensibilityGlobals) = postSolution
		SolutionGuid = {91A74C76-2116-4BFB-8729-F79B6D8756D0}
	EndGlobalSection
EndGlobal
